// !$*UTF8*$!
{
	archiveVersion = 1;
	classes = {
	};
	objectVersion = 46;
	objects = {

/* Begin PBXBuildFile section */
		25AC8BC71959183000952FCE /* Foundation.framework in Frameworks */ = {isa = PBXBuildFile; fileRef = 25AC8BC61959183000952FCE /* Foundation.framework */; };
		25AC8BC91959183000952FCE /* CoreGraphics.framework in Frameworks */ = {isa = PBXBuildFile; fileRef = 25AC8BC81959183000952FCE /* CoreGraphics.framework */; };
		25AC8BCB1959183000952FCE /* UIKit.framework in Frameworks */ = {isa = PBXBuildFile; fileRef = 25AC8BCA1959183000952FCE /* UIKit.framework */; };
		25AC8BD11959183000952FCE /* InfoPlist.strings in Resources */ = {isa = PBXBuildFile; fileRef = 25AC8BCF1959183000952FCE /* InfoPlist.strings */; };
		25AC8BD31959183000952FCE /* main.m in Sources */ = {isa = PBXBuildFile; fileRef = 25AC8BD21959183000952FCE /* main.m */; };
		25AC8BD71959183000952FCE /* AppDelegate.m in Sources */ = {isa = PBXBuildFile; fileRef = 25AC8BD61959183000952FCE /* AppDelegate.m */; };
		25AC8BDA1959183000952FCE /* Main.storyboard in Resources */ = {isa = PBXBuildFile; fileRef = 25AC8BD81959183000952FCE /* Main.storyboard */; };
		25AC8BDD1959183000952FCE /* ViewController.m in Sources */ = {isa = PBXBuildFile; fileRef = 25AC8BDC1959183000952FCE /* ViewController.m */; };
		25AC8BDF1959183000952FCE /* Images.xcassets in Resources */ = {isa = PBXBuildFile; fileRef = 25AC8BDE1959183000952FCE /* Images.xcassets */; };
		25AC8BE61959183000952FCE /* XCTest.framework in Frameworks */ = {isa = PBXBuildFile; fileRef = 25AC8BE51959183000952FCE /* XCTest.framework */; };
		25AC8BE71959183000952FCE /* Foundation.framework in Frameworks */ = {isa = PBXBuildFile; fileRef = 25AC8BC61959183000952FCE /* Foundation.framework */; };
		25AC8BE81959183000952FCE /* UIKit.framework in Frameworks */ = {isa = PBXBuildFile; fileRef = 25AC8BCA1959183000952FCE /* UIKit.framework */; };
		25AC8BF01959183000952FCE /* InfoPlist.strings in Resources */ = {isa = PBXBuildFile; fileRef = 25AC8BEE1959183000952FCE /* InfoPlist.strings */; };
		25AC8BF21959183000952FCE /* defgTests.m in Sources */ = {isa = PBXBuildFile; fileRef = 25AC8BF11959183000952FCE /* defgTests.m */; };
/* End PBXBuildFile section */

/* Begin PBXContainerItemProxy section */
		25AC8BE91959183000952FCE /* PBXContainerItemProxy */ = {
			isa = PBXContainerItemProxy;
			containerPortal = 25AC8BBB1959183000952FCE /* Project object */;
			proxyType = 1;
			remoteGlobalIDString = 25AC8BC21959183000952FCE;
			remoteInfo = defg;
		};
/* End PBXContainerItemProxy section */

/* Begin PBXFileReference section */
		25AC8BC31959183000952FCE /* defg.app */ = {isa = PBXFileReference; explicitFileType = wrapper.application; includeInIndex = 0; path = defg.app; sourceTree = BUILT_PRODUCTS_DIR; };
		25AC8BC61959183000952FCE /* Foundation.framework */ = {isa = PBXFileReference; lastKnownFileType = wrapper.framework; name = Foundation.framework; path = System/Library/Frameworks/Foundation.framework; sourceTree = SDKROOT; };
		25AC8BC81959183000952FCE /* CoreGraphics.framework */ = {isa = PBXFileReference; lastKnownFileType = wrapper.framework; name = CoreGraphics.framework; path = System/Library/Frameworks/CoreGraphics.framework; sourceTree = SDKROOT; };
		25AC8BCA1959183000952FCE /* UIKit.framework */ = {isa = PBXFileReference; lastKnownFileType = wrapper.framework; name = UIKit.framework; path = System/Library/Frameworks/UIKit.framework; sourceTree = SDKROOT; };
		25AC8BCE1959183000952FCE /* defg-Info.plist */ = {isa = PBXFileReference; lastKnownFileType = text.plist.xml; path = "defg-Info.plist"; sourceTree = "<group>"; };
		25AC8BD01959183000952FCE /* en */ = {isa = PBXFileReference; lastKnownFileType = text.plist.strings; name = en; path = en.lproj/InfoPlist.strings; sourceTree = "<group>"; };
		25AC8BD21959183000952FCE /* main.m */ = {isa = PBXFileReference; lastKnownFileType = sourcecode.c.objc; path = main.m; sourceTree = "<group>"; };
		25AC8BD41959183000952FCE /* defg-Prefix.pch */ = {isa = PBXFileReference; lastKnownFileType = sourcecode.c.h; path = "defg-Prefix.pch"; sourceTree = "<group>"; };
		25AC8BD51959183000952FCE /* AppDelegate.h */ = {isa = PBXFileReference; lastKnownFileType = sourcecode.c.h; path = AppDelegate.h; sourceTree = "<group>"; };
		25AC8BD61959183000952FCE /* AppDelegate.m */ = {isa = PBXFileReference; lastKnownFileType = sourcecode.c.objc; path = AppDelegate.m; sourceTree = "<group>"; };
		25AC8BD91959183000952FCE /* Base */ = {isa = PBXFileReference; lastKnownFileType = file.storyboard; name = Base; path = Base.lproj/Main.storyboard; sourceTree = "<group>"; };
		25AC8BDB1959183000952FCE /* ViewController.h */ = {isa = PBXFileReference; lastKnownFileType = sourcecode.c.h; path = ViewController.h; sourceTree = "<group>"; };
		25AC8BDC1959183000952FCE /* ViewController.m */ = {isa = PBXFileReference; lastKnownFileType = sourcecode.c.objc; path = ViewController.m; sourceTree = "<group>"; };
		25AC8BDE1959183000952FCE /* Images.xcassets */ = {isa = PBXFileReference; lastKnownFileType = folder.assetcatalog; path = Images.xcassets; sourceTree = "<group>"; };
		25AC8BE41959183000952FCE /* defgTests.xctest */ = {isa = PBXFileReference; explicitFileType = wrapper.cfbundle; includeInIndex = 0; path = defgTests.xctest; sourceTree = BUILT_PRODUCTS_DIR; };
		25AC8BE51959183000952FCE /* XCTest.framework */ = {isa = PBXFileReference; lastKnownFileType = wrapper.framework; name = XCTest.framework; path = Library/Frameworks/XCTest.framework; sourceTree = DEVELOPER_DIR; };
		25AC8BED1959183000952FCE /* defgTests-Info.plist */ = {isa = PBXFileReference; lastKnownFileType = text.plist.xml; path = "defgTests-Info.plist"; sourceTree = "<group>"; };
		25AC8BEF1959183000952FCE /* en */ = {isa = PBXFileReference; lastKnownFileType = text.plist.strings; name = en; path = en.lproj/InfoPlist.strings; sourceTree = "<group>"; };
		25AC8BF11959183000952FCE /* defgTests.m */ = {isa = PBXFileReference; lastKnownFileType = sourcecode.c.objc; path = defgTests.m; sourceTree = "<group>"; };
/* End PBXFileReference section */

/* Begin PBXFrameworksBuildPhase section */
		25AC8BC01959183000952FCE /* Frameworks */ = {
			isa = PBXFrameworksBuildPhase;
			buildActionMask = 2147483647;
			files = (
				25AC8BC91959183000952FCE /* CoreGraphics.framework in Frameworks */,
				25AC8BCB1959183000952FCE /* UIKit.framework in Frameworks */,
				25AC8BC71959183000952FCE /* Foundation.framework in Frameworks */,
			);
			runOnlyForDeploymentPostprocessing = 0;
		};
		25AC8BE11959183000952FCE /* Frameworks */ = {
			isa = PBXFrameworksBuildPhase;
			buildActionMask = 2147483647;
			files = (
				25AC8BE61959183000952FCE /* XCTest.framework in Frameworks */,
				25AC8BE81959183000952FCE /* UIKit.framework in Frameworks */,
				25AC8BE71959183000952FCE /* Foundation.framework in Frameworks */,
			);
			runOnlyForDeploymentPostprocessing = 0;
		};
/* End PBXFrameworksBuildPhase section */

/* Begin PBXGroup section */
		25AC8BBA1959183000952FCE = {
			isa = PBXGroup;
			children = (
				25AC8BCC1959183000952FCE /* defg */,
				25AC8BEB1959183000952FCE /* defgTests */,
				25AC8BC51959183000952FCE /* Frameworks */,
				25AC8BC41959183000952FCE /* Products */,
			);
			sourceTree = "<group>";
		};
		25AC8BC41959183000952FCE /* Products */ = {
			isa = PBXGroup;
			children = (
				25AC8BC31959183000952FCE /* defg.app */,
				25AC8BE41959183000952FCE /* defgTests.xctest */,
			);
			name = Products;
			sourceTree = "<group>";
		};
		25AC8BC51959183000952FCE /* Frameworks */ = {
			isa = PBXGroup;
			children = (
				25AC8BC61959183000952FCE /* Foundation.framework */,
				25AC8BC81959183000952FCE /* CoreGraphics.framework */,
				25AC8BCA1959183000952FCE /* UIKit.framework */,
				25AC8BE51959183000952FCE /* XCTest.framework */,
			);
			name = Frameworks;
			sourceTree = "<group>";
		};
		25AC8BCC1959183000952FCE /* defg */ = {
			isa = PBXGroup;
			children = (
				25AC8BD51959183000952FCE /* AppDelegate.h */,
				25AC8BD61959183000952FCE /* AppDelegate.m */,
				25AC8BD81959183000952FCE /* Main.storyboard */,
				25AC8BDB1959183000952FCE /* ViewController.h */,
				25AC8BDC1959183000952FCE /* ViewController.m */,
				25AC8BDE1959183000952FCE /* Images.xcassets */,
				25AC8BCD1959183000952FCE /* Supporting Files */,
			);
			path = defg;
			sourceTree = "<group>";
		};
		25AC8BCD1959183000952FCE /* Supporting Files */ = {
			isa = PBXGroup;
			children = (
				25AC8BCE1959183000952FCE /* defg-Info.plist */,
				25AC8BCF1959183000952FCE /* InfoPlist.strings */,
				25AC8BD21959183000952FCE /* main.m */,
				25AC8BD41959183000952FCE /* defg-Prefix.pch */,
			);
			name = "Supporting Files";
			sourceTree = "<group>";
		};
		25AC8BEB1959183000952FCE /* defgTests */ = {
			isa = PBXGroup;
			children = (
				25AC8BF11959183000952FCE /* defgTests.m */,
				25AC8BEC1959183000952FCE /* Supporting Files */,
			);
			path = defgTests;
			sourceTree = "<group>";
		};
		25AC8BEC1959183000952FCE /* Supporting Files */ = {
			isa = PBXGroup;
			children = (
				25AC8BED1959183000952FCE /* defgTests-Info.plist */,
				25AC8BEE1959183000952FCE /* InfoPlist.strings */,
			);
			name = "Supporting Files";
			sourceTree = "<group>";
		};
/* End PBXGroup section */

/* Begin PBXNativeTarget section */
		25AC8BC21959183000952FCE /* defg */ = {
			isa = PBXNativeTarget;
			buildConfigurationList = 25AC8BF51959183000952FCE /* Build configuration list for PBXNativeTarget "defg" */;
			buildPhases = (
				25AC8BBF1959183000952FCE /* Sources */,
				25AC8BC01959183000952FCE /* Frameworks */,
				25AC8BC11959183000952FCE /* Resources */,
			);
			buildRules = (
			);
			dependencies = (
			);
			name = defg;
			productName = defg;
			productReference = 25AC8BC31959183000952FCE /* defg.app */;
			productType = "com.apple.product-type.application";
		};
		25AC8BE31959183000952FCE /* defgTests */ = {
			isa = PBXNativeTarget;
			buildConfigurationList = 25AC8BF81959183000952FCE /* Build configuration list for PBXNativeTarget "defgTests" */;
			buildPhases = (
				25AC8BE01959183000952FCE /* Sources */,
				25AC8BE11959183000952FCE /* Frameworks */,
				25AC8BE21959183000952FCE /* Resources */,
			);
			buildRules = (
			);
			dependencies = (
				25AC8BEA1959183000952FCE /* PBXTargetDependency */,
			);
			name = defgTests;
			productName = defgTests;
			productReference = 25AC8BE41959183000952FCE /* defgTests.xctest */;
			productType = "com.apple.product-type.bundle.unit-test";
		};
/* End PBXNativeTarget section */

/* Begin PBXProject section */
		25AC8BBB1959183000952FCE /* Project object */ = {
			isa = PBXProject;
			attributes = {
				LastUpgradeCheck = 0510;
				ORGANIZATIONNAME = hr;
				TargetAttributes = {
					25AC8BE31959183000952FCE = {
						TestTargetID = 25AC8BC21959183000952FCE;
					};
				};
			};
			buildConfigurationList = 25AC8BBE1959183000952FCE /* Build configuration list for PBXProject "defg" */;
			compatibilityVersion = "Xcode 3.2";
			developmentRegion = English;
			hasScannedForEncodings = 0;
			knownRegions = (
				en,
				Base,
			);
			mainGroup = 25AC8BBA1959183000952FCE;
			productRefGroup = 25AC8BC41959183000952FCE /* Products */;
			projectDirPath = "";
			projectRoot = "";
			targets = (
				25AC8BC21959183000952FCE /* defg */,
				25AC8BE31959183000952FCE /* defgTests */,
			);
		};
/* End PBXProject section */

/* Begin PBXResourcesBuildPhase section */
		25AC8BC11959183000952FCE /* Resources */ = {
			isa = PBXResourcesBuildPhase;
			buildActionMask = 2147483647;
			files = (
				25AC8BDF1959183000952FCE /* Images.xcassets in Resources */,
				25AC8BD11959183000952FCE /* InfoPlist.strings in Resources */,
				25AC8BDA1959183000952FCE /* Main.storyboard in Resources */,
			);
			runOnlyForDeploymentPostprocessing = 0;
		};
		25AC8BE21959183000952FCE /* Resources */ = {
			isa = PBXResourcesBuildPhase;
			buildActionMask = 2147483647;
			files = (
				25AC8BF01959183000952FCE /* InfoPlist.strings in Resources */,
			);
			runOnlyForDeploymentPostprocessing = 0;
		};
/* End PBXResourcesBuildPhase section */

/* Begin PBXSourcesBuildPhase section */
		25AC8BBF1959183000952FCE /* Sources */ = {
			isa = PBXSourcesBuildPhase;
			buildActionMask = 2147483647;
			files = (
				25AC8BDD1959183000952FCE /* ViewController.m in Sources */,
				25AC8BD71959183000952FCE /* AppDelegate.m in Sources */,
				25AC8BD31959183000952FCE /* main.m in Sources */,
			);
			runOnlyForDeploymentPostprocessing = 0;
		};
		25AC8BE01959183000952FCE /* Sources */ = {
			isa = PBXSourcesBuildPhase;
			buildActionMask = 2147483647;
			files = (
				25AC8BF21959183000952FCE /* defgTests.m in Sources */,
			);
			runOnlyForDeploymentPostprocessing = 0;
		};
/* End PBXSourcesBuildPhase section */

/* Begin PBXTargetDependency section */
		25AC8BEA1959183000952FCE /* PBXTargetDependency */ = {
			isa = PBXTargetDependency;
			target = 25AC8BC21959183000952FCE /* defg */;
			targetProxy = 25AC8BE91959183000952FCE /* PBXContainerItemProxy */;
		};
/* End PBXTargetDependency section */

/* Begin PBXVariantGroup section */
		25AC8BCF1959183000952FCE /* InfoPlist.strings */ = {
			isa = PBXVariantGroup;
			children = (
				25AC8BD01959183000952FCE /* en */,
			);
			name = InfoPlist.strings;
			sourceTree = "<group>";
		};
		25AC8BD81959183000952FCE /* Main.storyboard */ = {
			isa = PBXVariantGroup;
			children = (
				25AC8BD91959183000952FCE /* Base */,
			);
			name = Main.storyboard;
			sourceTree = "<group>";
		};
		25AC8BEE1959183000952FCE /* InfoPlist.strings */ = {
			isa = PBXVariantGroup;
			children = (
				25AC8BEF1959183000952FCE /* en */,
			);
			name = InfoPlist.strings;
			sourceTree = "<group>";
		};
/* End PBXVariantGroup section */

/* Begin XCBuildConfiguration section */
		25AC8BF31959183000952FCE /* Debug */ = {
			isa = XCBuildConfiguration;
			buildSettings = {
				ALWAYS_SEARCH_USER_PATHS = NO;
				CLANG_CXX_LANGUAGE_STANDARD = "gnu++0x";
				CLANG_CXX_LIBRARY = "libc++";
				CLANG_ENABLE_MODULES = YES;
				CLANG_ENABLE_OBJC_ARC = YES;
				CLANG_WARN_BOOL_CONVERSION = YES;
				CLANG_WARN_CONSTANT_CONVERSION = YES;
				CLANG_WARN_DIRECT_OBJC_ISA_USAGE = YES_ERROR;
				CLANG_WARN_EMPTY_BODY = YES;
				CLANG_WARN_ENUM_CONVERSION = YES;
				CLANG_WARN_INT_CONVERSION = YES;
				CLANG_WARN_OBJC_ROOT_CLASS = YES_ERROR;
				CLANG_WARN__DUPLICATE_METHOD_MATCH = YES;
				"CODE_SIGN_IDENTITY[sdk=iphoneos*]" = "iPhone Developer";
				COPY_PHASE_STRIP = NO;
				GCC_C_LANGUAGE_STANDARD = gnu99;
				GCC_DYNAMIC_NO_PIC = NO;
				GCC_OPTIMIZATION_LEVEL = 0;
				GCC_PREPROCESSOR_DEFINITIONS = (
					"DEBUG=1",
					"$(inherited)",
				);
				GCC_SYMBOLS_PRIVATE_EXTERN = NO;
				GCC_WARN_64_TO_32_BIT_CONVERSION = YES;
				GCC_WARN_ABOUT_RETURN_TYPE = YES_ERROR;
				GCC_WARN_UNDECLARED_SELECTOR = YES;
				GCC_WARN_UNINITIALIZED_AUTOS = YES_AGGRESSIVE;
				GCC_WARN_UNUSED_FUNCTION = YES;
				GCC_WARN_UNUSED_VARIABLE = YES;
				IPHONEOS_DEPLOYMENT_TARGET = 7.1;
				ONLY_ACTIVE_ARCH = YES;
				SDKROOT = iphoneos;
			};
			name = Debug;
		};
		25AC8BF41959183000952FCE /* Release */ = {
			isa = XCBuildConfiguration;
			buildSettings = {
				ALWAYS_SEARCH_USER_PATHS = NO;
				CLANG_CXX_LANGUAGE_STANDARD = "gnu++0x";
				CLANG_CXX_LIBRARY = "libc++";
				CLANG_ENABLE_MODULES = YES;
				CLANG_ENABLE_OBJC_ARC = YES;
				CLANG_WARN_BOOL_CONVERSION = YES;
				CLANG_WARN_CONSTANT_CONVERSION = YES;
				CLANG_WARN_DIRECT_OBJC_ISA_USAGE = YES_ERROR;
				CLANG_WARN_EMPTY_BODY = YES;
				CLANG_WARN_ENUM_CONVERSION = YES;
				CLANG_WARN_INT_CONVERSION = YES;
				CLANG_WARN_OBJC_ROOT_CLASS = YES_ERROR;
				CLANG_WARN__DUPLICATE_METHOD_MATCH = YES;
				"CODE_SIGN_IDENTITY[sdk=iphoneos*]" = "iPhone Developer";
				COPY_PHASE_STRIP = YES;
				ENABLE_NS_ASSERTIONS = NO;
				GCC_C_LANGUAGE_STANDARD = gnu99;
				GCC_WARN_64_TO_32_BIT_CONVERSION = YES;
				GCC_WARN_ABOUT_RETURN_TYPE = YES_ERROR;
				GCC_WARN_UNDECLARED_SELECTOR = YES;
				GCC_WARN_UNINITIALIZED_AUTOS = YES_AGGRESSIVE;
				GCC_WARN_UNUSED_FUNCTION = YES;
				GCC_WARN_UNUSED_VARIABLE = YES;
				IPHONEOS_DEPLOYMENT_TARGET = 7.1;
				SDKROOT = iphoneos;
				VALIDATE_PRODUCT = YES;
			};
			name = Release;
		};
		25AC8BF61959183000952FCE /* Debug */ = {
			isa = XCBuildConfiguration;
			buildSettings = {
				ASSETCATALOG_COMPILER_APPICON_NAME = AppIcon;
				ASSETCATALOG_COMPILER_LAUNCHIMAGE_NAME = LaunchImage;
				GCC_PRECOMPILE_PREFIX_HEADER = YES;
				GCC_PREFIX_HEADER = "defg/defg-Prefix.pch";
				INFOPLIST_FILE = "defg/defg-Info.plist";
				PRODUCT_NAME = "$(TARGET_NAME)";
				WRAPPER_EXTENSION = app;
			};
			name = Debug;
		};
		25AC8BF71959183000952FCE /* Release */ = {
			isa = XCBuildConfiguration;
			buildSettings = {
				ASSETCATALOG_COMPILER_APPICON_NAME = AppIcon;
				ASSETCATALOG_COMPILER_LAUNCHIMAGE_NAME = LaunchImage;
				GCC_PRECOMPILE_PREFIX_HEADER = YES;
				GCC_PREFIX_HEADER = "defg/defg-Prefix.pch";
				INFOPLIST_FILE = "defg/defg-Info.plist";
				PRODUCT_NAME = "$(TARGET_NAME)";
				WRAPPER_EXTENSION = app;
			};
			name = Release;
		};
		25AC8BF91959183000952FCE /* Debug */ = {
			isa = XCBuildConfiguration;
			buildSettings = {
				BUNDLE_LOADER = "$(BUILT_PRODUCTS_DIR)/defg.app/defg";
				FRAMEWORK_SEARCH_PATHS = (
					"$(SDKROOT)/Developer/Library/Frameworks",
					"$(inherited)",
					"$(DEVELOPER_FRAMEWORKS_DIR)",
				);
				GCC_PRECOMPILE_PREFIX_HEADER = YES;
				GCC_PREFIX_HEADER = "defg/defg-Prefix.pch";
				GCC_PREPROCESSOR_DEFINITIONS = (
					"DEBUG=1",
					"$(inherited)",
				);
				INFOPLIST_FILE = "defgTests/defgTests-Info.plist";
				PRODUCT_NAME = "$(TARGET_NAME)";
				TEST_HOST = "$(BUNDLE_LOADER)";
				WRAPPER_EXTENSION = xctest;
			};
			name = Debug;
		};
		25AC8BFA1959183000952FCE /* Release */ = {
			isa = XCBuildConfiguration;
			buildSettings = {
				BUNDLE_LOADER = "$(BUILT_PRODUCTS_DIR)/defg.app/defg";
				FRAMEWORK_SEARCH_PATHS = (
					"$(SDKROOT)/Developer/Library/Frameworks",
					"$(inherited)",
					"$(DEVELOPER_FRAMEWORKS_DIR)",
				);
				GCC_PRECOMPILE_PREFIX_HEADER = YES;
				GCC_PREFIX_HEADER = "defg/defg-Prefix.pch";
				INFOPLIST_FILE = "defgTests/defgTests-Info.plist";
				PRODUCT_NAME = "$(TARGET_NAME)";
				TEST_HOST = "$(BUNDLE_LOADER)";
				WRAPPER_EXTENSION = xctest;
			};
			name = Release;
		};
/* End XCBuildConfiguration section */

/* Begin XCConfigurationList section */
		25AC8BBE1959183000952FCE /* Build configuration list for PBXProject "defg" */ = {
			isa = XCConfigurationList;
			buildConfigurations = (
				25AC8BF31959183000952FCE /* Debug */,
				25AC8BF41959183000952FCE /* Release */,
			);
			defaultConfigurationIsVisible = 0;
			defaultConfigurationName = Release;
		};
		25AC8BF51959183000952FCE /* Build configuration list for PBXNativeTarget "defg" */ = {
			isa = XCConfigurationList;
			buildConfigurations = (
				25AC8BF61959183000952FCE /* Debug */,
				25AC8BF71959183000952FCE /* Release */,
			);
			defaultConfigurationIsVisible = 0;
		};
		25AC8BF81959183000952FCE /* Build configuration list for PBXNativeTarget "defgTests" */ = {
			isa = XCConfigurationList;
			buildConfigurations = (
				25AC8BF91959183000952FCE /* Debug */,
				25AC8BFA1959183000952FCE /* Release */,
			);
			defaultConfigurationIsVisible = 0;
		};
/* End XCConfigurationList section */
	};
	rootObject = 25AC8BBB1959183000952FCE /* Project object */;
}
